hash: 486fbfea4afeb46e23fa1aece0466e30b56fad0fb89ca7bc6112c8811588d0ba
updated: 2016-04-07T12:08:52.318970972-06:00
imports:
- name: github.com/onsi/ginkgo
  version: 105b4823ee2cbebc2b5c562d9ac50694ecc2c689
- name: github.com/onsi/gomega
  version: 7ce781ea776b2fd506491011353bded2e40c8467
devImports: []
